
Microsoft Visual Studio Solution File, Format Version 12.00
# Visual Studio Version 16
VisualStudioVersion = 16.0.29123.88
MinimumVisualStudioVersion = 10.0.40219.1
Project("{FAE04EC0-301F-11D3-BF4B-00C04F79EFBC}") = "AboutMe.UWP", "AboutMe\AboutMe.UWP\AboutMe.UWP.csproj", "{4ED56153-D729-49A0-B767-A78CEAA11DBB}"
EndProject
Project("{FAE04EC0-301F-11D3-BF4B-00C04F79EFBC}") = "AboutMe.Android", "AboutMe\AboutMe.Android\AboutMe.Android.csproj", "{247FDE2E-CD8E-439A-9DAD-EC413DF26483}"
EndProject
Project("{FAE04EC0-301F-11D3-BF4B-00C04F79EFBC}") = "AboutMe.iOS", "AboutMe\AboutMe.iOS\AboutMe.iOS.csproj", "{D385BEAB-5849-4948-953A-83694E3D28A3}"
EndProject
Project("{FAE04EC0-301F-11D3-BF4B-00C04F79EFBC}") = "AboutMe", "AboutMe\AboutMe\AboutMe.csproj", "{39FDCDD6-9696-4605-9B75-1BA9CCB7B273}"
EndProject
Global
	GlobalSection(SolutionConfigurationPlatforms) = preSolution
		Debug|Any CPU = Debug|Any CPU
		Debug|ARM = Debug|ARM
		Debug|iPhone = Debug|iPhone
		Debug|iPhoneSimulator = Debug|iPhoneSimulator
		Debug|x64 = Debug|x64
		Debug|x86 = Debug|x86
		Release|Any CPU = Release|Any CPU
		Release|ARM = Release|ARM
		Release|iPhone = Release|iPhone
		Release|iPhoneSimulator = Release|iPhoneSimulator
		Release|x64 = Release|x64
		Release|x86 = Release|x86
	EndGlobalSection
	GlobalSection(ProjectConfigurationPlatforms) = postSolution
		{4ED56153-D729-49A0-B767-A78CEAA11DBB}.Debug|Any CPU.ActiveCfg = Debug|x86
		{4ED56153-D729-49A0-B767-A78CEAA11DBB}.Debug|Any CPU.Build.0 = Debug|x86
		{4ED56153-D729-49A0-B767-A78CEAA11DBB}.Debug|Any CPU.Deploy.0 = Debug|x86
		{4ED56153-D729-49A0-B767-A78CEAA11DBB}.Debug|ARM.ActiveCfg = Debug|ARM
		{4ED56153-D729-49A0-B767-A78CEAA11DBB}.Debug|ARM.Build.0 = Debug|ARM
		{4ED56153-D729-49A0-B767-A78CEAA11DBB}.Debug|ARM.Deploy.0 = Debug|ARM
		{4ED56153-D729-49A0-B767-A78CEAA11DBB}.Debug|iPhone.ActiveCfg = Debug|x86
		{4ED56153-D729-49A0-B767-A78CEAA11DBB}.Debug|iPhone.Build.0 = Debug|x86
		{4ED56153-D729-49A0-B767-A78CEAA11DBB}.Debug|iPhone.Deploy.0 = Debug|x86
		{4ED56153-D729-49A0-B767-A78CEAA11DBB}.Debug|iPhoneSimulator.ActiveCfg = Debug|x86
		{4ED56153-D729-49A0-B767-A78CEAA11DBB}.Debug|iPhoneSimulator.Build.0 = Debug|x86
		{4ED56153-D729-49A0-B767-A78CEAA11DBB}.Debug|iPhoneSimulator.Deploy.0 = Debug|x86
		{4ED56153-D729-49A0-B767-A78CEAA11DBB}.Debug|x64.ActiveCfg = Debug|x64
		{4ED56153-D729-49A0-B767-A78CEAA11DBB}.Debug|x64.Build.0 = Debug|x64
		{4ED56153-D729-49A0-B767-A78CEAA11DBB}.Debug|x64.Deploy.0 = Debug|x64
		{4ED56153-D729-49A0-B767-A78CEAA11DBB}.Debug|x86.ActiveCfg = Debug|x86
		{4ED56153-D729-49A0-B767-A78CEAA11DBB}.Debug|x86.Build.0 = Debug|x86
		{4ED56153-D729-49A0-B767-A78CEAA11DBB}.Debug|x86.Deploy.0 = Debug|x86
		{4ED56153-D729-49A0-B767-A78CEAA11DBB}.Release|Any CPU.ActiveCfg = Release|x86
		{4ED56153-D729-49A0-B767-A78CEAA11DBB}.Release|Any CPU.Build.0 = Release|x86
		{4ED56153-D729-49A0-B767-A78CEAA11DBB}.Release|Any CPU.Deploy.0 = Release|x86
		{4ED56153-D729-49A0-B767-A78CEAA11DBB}.Release|ARM.ActiveCfg = Release|ARM
		{4ED56153-D729-49A0-B767-A78CEAA11DBB}.Release|ARM.Build.0 = Release|ARM
		{4ED56153-D729-49A0-B767-A78CEAA11DBB}.Release|ARM.Deploy.0 = Release|ARM
		{4ED56153-D729-49A0-B767-A78CEAA11DBB}.Release|iPhone.ActiveCfg = Release|x86
		{4ED56153-D729-49A0-B767-A78CEAA11DBB}.Release|iPhone.Build.0 = Release|x86
		{4ED56153-D729-49A0-B767-A78CEAA11DBB}.Release|iPhone.Deploy.0 = Release|x86
		{4ED56153-D729-49A0-B767-A78CEAA11DBB}.Release|iPhoneSimulator.ActiveCfg = Release|x86
		{4ED56153-D729-49A0-B767-A78CEAA11DBB}.Release|iPhoneSimulator.Build.0 = Release|x86
		{4ED56153-D729-49A0-B767-A78CEAA11DBB}.Release|iPhoneSimulator.Deploy.0 = Release|x86
		{4ED56153-D729-49A0-B767-A78CEAA11DBB}.Release|x64.ActiveCfg = Release|x64
		{4ED56153-D729-49A0-B767-A78CEAA11DBB}.Release|x64.Build.0 = Release|x64
		{4ED56153-D729-49A0-B767-A78CEAA11DBB}.Release|x64.Deploy.0 = Release|x64
		{4ED56153-D729-49A0-B767-A78CEAA11DBB}.Release|x86.ActiveCfg = Release|x86
		{4ED56153-D729-49A0-B767-A78CEAA11DBB}.Release|x86.Build.0 = Release|x86
		{4ED56153-D729-49A0-B767-A78CEAA11DBB}.Release|x86.Deploy.0 = Release|x86
		{247FDE2E-CD8E-439A-9DAD-EC413DF26483}.Debug|Any CPU.ActiveCfg = Debug|Any CPU
		{247FDE2E-CD8E-439A-9DAD-EC413DF26483}.Debug|Any CPU.Build.0 = Debug|Any CPU
		{247FDE2E-CD8E-439A-9DAD-EC413DF26483}.Debug|Any CPU.Deploy.0 = Debug|Any CPU
		{247FDE2E-CD8E-439A-9DAD-EC413DF26483}.Debug|ARM.ActiveCfg = Debug|Any CPU
		{247FDE2E-CD8E-439A-9DAD-EC413DF26483}.Debug|ARM.Build.0 = Debug|Any CPU
		{247FDE2E-CD8E-439A-9DAD-EC413DF26483}.Debug|ARM.Deploy.0 = Debug|Any CPU
		{247FDE2E-CD8E-439A-9DAD-EC413DF26483}.Debug|iPhone.ActiveCfg = Debug|Any CPU
		{247FDE2E-CD8E-439A-9DAD-EC413DF26483}.Debug|iPhone.Build.0 = Debug|Any CPU
		{247FDE2E-CD8E-439A-9DAD-EC413DF26483}.Debug|iPhone.Deploy.0 = Debug|Any CPU
		{247FDE2E-CD8E-439A-9DAD-EC413DF26483}.Debug|iPhoneSimulator.ActiveCfg = Debug|Any CPU
		{247FDE2E-CD8E-439A-9DAD-EC413DF26483}.Debug|iPhoneSimulator.Build.0 = Debug|Any CPU
		{247FDE2E-CD8E-439A-9DAD-EC413DF26483}.Debug|iPhoneSimulator.Deploy.0 = Debug|Any CPU
		{247FDE2E-CD8E-439A-9DAD-EC413DF26483}.Debug|x64.ActiveCfg = Debug|Any CPU
		{247FDE2E-CD8E-439A-9DAD-EC413DF26483}.Debug|x64.Build.0 = Debug|Any CPU
		{247FDE2E-CD8E-439A-9DAD-EC413DF26483}.Debug|x64.Deploy.0 = Debug|Any CPU
		{247FDE2E-CD8E-439A-9DAD-EC413DF26483}.Debug|x86.ActiveCfg = Debug|Any CPU
		{247FDE2E-CD8E-439A-9DAD-EC413DF26483}.Debug|x86.Build.0 = Debug|Any CPU
		{247FDE2E-CD8E-439A-9DAD-EC413DF26483}.Debug|x86.Deploy.0 = Debug|Any CPU
		{247FDE2E-CD8E-439A-9DAD-EC413DF26483}.Release|Any CPU.ActiveCfg = Release|Any CPU
		{247FDE2E-CD8E-439A-9DAD-EC413DF26483}.Release|Any CPU.Build.0 = Release|Any CPU
		{247FDE2E-CD8E-439A-9DAD-EC413DF26483}.Release|Any CPU.Deploy.0 = Release|Any CPU
		{247FDE2E-CD8E-439A-9DAD-EC413DF26483}.Release|ARM.ActiveCfg = Release|Any CPU
		{247FDE2E-CD8E-439A-9DAD-EC413DF26483}.Release|ARM.Build.0 = Release|Any CPU
		{247FDE2E-CD8E-439A-9DAD-EC413DF26483}.Release|ARM.Deploy.0 = Release|Any CPU
		{247FDE2E-CD8E-439A-9DAD-EC413DF26483}.Release|iPhone.ActiveCfg = Release|Any CPU
		{247FDE2E-CD8E-439A-9DAD-EC413DF26483}.Release|iPhone.Build.0 = Release|Any CPU
		{247FDE2E-CD8E-439A-9DAD-EC413DF26483}.Release|iPhone.Deploy.0 = Release|Any CPU
		{247FDE2E-CD8E-439A-9DAD-EC413DF26483}.Release|iPhoneSimulator.ActiveCfg = Release|Any CPU
		{247FDE2E-CD8E-439A-9DAD-EC413DF26483}.Release|iPhoneSimulator.Build.0 = Release|Any CPU
		{247FDE2E-CD8E-439A-9DAD-EC413DF26483}.Release|iPhoneSimulator.Deploy.0 = Release|Any CPU
		{247FDE2E-CD8E-439A-9DAD-EC413DF26483}.Release|x64.ActiveCfg = Release|Any CPU
		{247FDE2E-CD8E-439A-9DAD-EC413DF26483}.Release|x64.Build.0 = Release|Any CPU
		{247FDE2E-CD8E-439A-9DAD-EC413DF26483}.Release|x64.Deploy.0 = Release|Any CPU
		{247FDE2E-CD8E-439A-9DAD-EC413DF26483}.Release|x86.ActiveCfg = Release|Any CPU
		{247FDE2E-CD8E-439A-9DAD-EC413DF26483}.Release|x86.Build.0 = Release|Any CPU
		{247FDE2E-CD8E-439A-9DAD-EC413DF26483}.Release|x86.Deploy.0 = Release|Any CPU
		{D385BEAB-5849-4948-953A-83694E3D28A3}.Debug|Any CPU.ActiveCfg = Debug|iPhone
		{D385BEAB-5849-4948-953A-83694E3D28A3}.Debug|Any CPU.Build.0 = Debug|iPhone
		{D385BEAB-5849-4948-953A-83694E3D28A3}.Debug|Any CPU.Deploy.0 = Debug|iPhone
		{D385BEAB-5849-4948-953A-83694E3D28A3}.Debug|ARM.ActiveCfg = Debug|iPhoneSimulator
		{D385BEAB-5849-4948-953A-83694E3D28A3}.Debug|ARM.Build.0 = Debug|iPhoneSimulator
		{D385BEAB-5849-4948-953A-83694E3D28A3}.Debug|ARM.Deploy.0 = Debug|iPhoneSimulator
		{D385BEAB-5849-4948-953A-83694E3D28A3}.Debug|iPhone.ActiveCfg = Debug|iPhone
		{D385BEAB-5849-4948-953A-83694E3D28A3}.Debug|iPhone.Build.0 = Debug|iPhone
		{D385BEAB-5849-4948-953A-83694E3D28A3}.Debug|iPhone.Deploy.0 = Debug|iPhone
		{D385BEAB-5849-4948-953A-83694E3D28A3}.Debug|iPhoneSimulator.ActiveCfg = Debug|iPhoneSimulator
		{D385BEAB-5849-4948-953A-83694E3D28A3}.Debug|iPhoneSimulator.Build.0 = Debug|iPhoneSimulator
		{D385BEAB-5849-4948-953A-83694E3D28A3}.Debug|iPhoneSimulator.Deploy.0 = Debug|iPhoneSimulator
		{D385BEAB-5849-4948-953A-83694E3D28A3}.Debug|x64.ActiveCfg = Debug|iPhone
		{D385BEAB-5849-4948-953A-83694E3D28A3}.Debug|x64.Build.0 = Debug|iPhone
		{D385BEAB-5849-4948-953A-83694E3D28A3}.Debug|x64.Deploy.0 = Debug|iPhone
		{D385BEAB-5849-4948-953A-83694E3D28A3}.Debug|x86.ActiveCfg = Debug|iPhone
		{D385BEAB-5849-4948-953A-83694E3D28A3}.Debug|x86.Build.0 = Debug|iPhone
		{D385BEAB-5849-4948-953A-83694E3D28A3}.Debug|x86.Deploy.0 = Debug|iPhone
		{D385BEAB-5849-4948-953A-83694E3D28A3}.Release|Any CPU.ActiveCfg = Release|iPhone
		{D385BEAB-5849-4948-953A-83694E3D28A3}.Release|Any CPU.Build.0 = Release|iPhone
		{D385BEAB-5849-4948-953A-83694E3D28A3}.Release|Any CPU.Deploy.0 = Release|iPhone
		{D385BEAB-5849-4948-953A-83694E3D28A3}.Release|ARM.ActiveCfg = Release|iPhone
		{D385BEAB-5849-4948-953A-83694E3D28A3}.Release|ARM.Build.0 = Release|iPhone
		{D385BEAB-5849-4948-953A-83694E3D28A3}.Release|ARM.Deploy.0 = Release|iPhone
		{D385BEAB-5849-4948-953A-83694E3D28A3}.Release|iPhone.ActiveCfg = Release|iPhone
		{D385BEAB-5849-4948-953A-83694E3D28A3}.Release|iPhone.Build.0 = Release|iPhone
		{D385BEAB-5849-4948-953A-83694E3D28A3}.Release|iPhone.Deploy.0 = Release|iPhone
		{D385BEAB-5849-4948-953A-83694E3D28A3}.Release|iPhoneSimulator.ActiveCfg = Release|iPhoneSimulator
		{D385BEAB-5849-4948-953A-83694E3D28A3}.Release|iPhoneSimulator.Build.0 = Release|iPhoneSimulator
		{D385BEAB-5849-4948-953A-83694E3D28A3}.Release|iPhoneSimulator.Deploy.0 = Release|iPhoneSimulator
		{D385BEAB-5849-4948-953A-83694E3D28A3}.Release|x64.ActiveCfg = Release|iPhone
		{D385BEAB-5849-4948-953A-83694E3D28A3}.Release|x64.Build.0 = Release|iPhone
		{D385BEAB-5849-4948-953A-83694E3D28A3}.Release|x64.Deploy.0 = Release|iPhone
		{D385BEAB-5849-4948-953A-83694E3D28A3}.Release|x86.ActiveCfg = Release|iPhone
		{D385BEAB-5849-4948-953A-83694E3D28A3}.Release|x86.Build.0 = Release|iPhone
		{D385BEAB-5849-4948-953A-83694E3D28A3}.Release|x86.Deploy.0 = Release|iPhone
		{39FDCDD6-9696-4605-9B75-1BA9CCB7B273}.Debug|Any CPU.ActiveCfg = Debug|Any CPU
		{39FDCDD6-9696-4605-9B75-1BA9CCB7B273}.Debug|Any CPU.Build.0 = Debug|Any CPU
		{39FDCDD6-9696-4605-9B75-1BA9CCB7B273}.Debug|Any CPU.Deploy.0 = Debug|Any CPU
		{39FDCDD6-9696-4605-9B75-1BA9CCB7B273}.Debug|ARM.ActiveCfg = Debug|Any CPU
		{39FDCDD6-9696-4605-9B75-1BA9CCB7B273}.Debug|ARM.Build.0 = Debug|Any CPU
		{39FDCDD6-9696-4605-9B75-1BA9CCB7B273}.Debug|ARM.Deploy.0 = Debug|Any CPU
		{39FDCDD6-9696-4605-9B75-1BA9CCB7B273}.Debug|iPhone.ActiveCfg = Debug|Any CPU
		{39FDCDD6-9696-4605-9B75-1BA9CCB7B273}.Debug|iPhone.Build.0 = Debug|Any CPU
		{39FDCDD6-9696-4605-9B75-1BA9CCB7B273}.Debug|iPhone.Deploy.0 = Debug|Any CPU
		{39FDCDD6-9696-4605-9B75-1BA9CCB7B273}.Debug|iPhoneSimulator.ActiveCfg = Debug|Any CPU
		{39FDCDD6-9696-4605-9B75-1BA9CCB7B273}.Debug|iPhoneSimulator.Build.0 = Debug|Any CPU
		{39FDCDD6-9696-4605-9B75-1BA9CCB7B273}.Debug|iPhoneSimulator.Deploy.0 = Debug|Any CPU
		{39FDCDD6-9696-4605-9B75-1BA9CCB7B273}.Debug|x64.ActiveCfg = Debug|Any CPU
		{39FDCDD6-9696-4605-9B75-1BA9CCB7B273}.Debug|x64.Build.0 = Debug|Any CPU
		{39FDCDD6-9696-4605-9B75-1BA9CCB7B273}.Debug|x64.Deploy.0 = Debug|Any CPU
		{39FDCDD6-9696-4605-9B75-1BA9CCB7B273}.Debug|x86.ActiveCfg = Debug|Any CPU
		{39FDCDD6-9696-4605-9B75-1BA9CCB7B273}.Debug|x86.Build.0 = Debug|Any CPU
		{39FDCDD6-9696-4605-9B75-1BA9CCB7B273}.Debug|x86.Deploy.0 = Debug|Any CPU
		{39FDCDD6-9696-4605-9B75-1BA9CCB7B273}.Release|Any CPU.ActiveCfg = Release|Any CPU
		{39FDCDD6-9696-4605-9B75-1BA9CCB7B273}.Release|Any CPU.Build.0 = Release|Any CPU
		{39FDCDD6-9696-4605-9B75-1BA9CCB7B273}.Release|Any CPU.Deploy.0 = Release|Any CPU
		{39FDCDD6-9696-4605-9B75-1BA9CCB7B273}.Release|ARM.ActiveCfg = Release|Any CPU
		{39FDCDD6-9696-4605-9B75-1BA9CCB7B273}.Release|ARM.Build.0 = Release|Any CPU
		{39FDCDD6-9696-4605-9B75-1BA9CCB7B273}.Release|ARM.Deploy.0 = Release|Any CPU
		{39FDCDD6-9696-4605-9B75-1BA9CCB7B273}.Release|iPhone.ActiveCfg = Release|Any CPU
		{39FDCDD6-9696-4605-9B75-1BA9CCB7B273}.Release|iPhone.Build.0 = Release|Any CPU
		{39FDCDD6-9696-4605-9B75-1BA9CCB7B273}.Release|iPhone.Deploy.0 = Release|Any CPU
		{39FDCDD6-9696-4605-9B75-1BA9CCB7B273}.Release|iPhoneSimulator.ActiveCfg = Release|Any CPU
		{39FDCDD6-9696-4605-9B75-1BA9CCB7B273}.Release|iPhoneSimulator.Build.0 = Release|Any CPU
		{39FDCDD6-9696-4605-9B75-1BA9CCB7B273}.Release|iPhoneSimulator.Deploy.0 = Release|Any CPU
		{39FDCDD6-9696-4605-9B75-1BA9CCB7B273}.Release|x64.ActiveCfg = Release|Any CPU
		{39FDCDD6-9696-4605-9B75-1BA9CCB7B273}.Release|x64.Build.0 = Release|Any CPU
		{39FDCDD6-9696-4605-9B75-1BA9CCB7B273}.Release|x64.Deploy.0 = Release|Any CPU
		{39FDCDD6-9696-4605-9B75-1BA9CCB7B273}.Release|x86.ActiveCfg = Release|Any CPU
		{39FDCDD6-9696-4605-9B75-1BA9CCB7B273}.Release|x86.Build.0 = Release|Any CPU
		{39FDCDD6-9696-4605-9B75-1BA9CCB7B273}.Release|x86.Deploy.0 = Release|Any CPU
	EndGlobalSection
	GlobalSection(SolutionProperties) = preSolution
		HideSolutionNode = FALSE
	EndGlobalSection
	GlobalSection(ExtensibilityGlobals) = postSolution
		SolutionGuid = {2CD95430-22AF-47D0-974B-B0B26C95CE99}
	EndGlobalSection
EndGlobal
